Microsoft Visual Studio Solution File, Format Version 12.00
# Visual Studio Version 17
VisualStudioVersion = 17.0.31903.59
MinimumVisualStudioVersion = 10.0.40219.1
Project("{9A19103F-16F7-4668-BE54-9A1E7A4F7556}") = "CampusEvents", "backend\CampusEvents.csproj", "{6DAAC7FF-6CE4-47D0-9C6E-2DBFB7290F3D}"
EndProject
Project("{9A19103F-16F7-4668-BE54-9A1E7A4F7556}") = "CampusEvents.Tests", "tests\CampusEvents.Tests.csproj", "{D93798CA-7AED-48C5-9055-69F64B833984}"
EndProject
Global
	GlobalSection(SolutionConfigurationPlatforms) = preSolution
		Debug|Any CPU = Debug|Any CPU
		Release|Any CPU = Release|Any CPU
	EndGlobalSection
	GlobalSection(ProjectConfigurationPlatforms) = postSolution
		{6DAAC7FF-6CE4-47D0-9C6E-2DBFB7290F3D}.Debug|Any CPU.ActiveCfg = Debug|Any CPU
		{6DAAC7FF-6CE4-47D0-9C6E-2DBFB7290F3D}.Debug|Any CPU.Build.0 = Debug|Any CPU
		{6DAAC7FF-6CE4-47D0-9C6E-2DBFB7290F3D}.Release|Any CPU.ActiveCfg = Release|Any CPU
		{6DAAC7FF-6CE4-47D0-9C6E-2DBFB7290F3D}.Release|Any CPU.Build.0 = Release|Any CPU
		{D93798CA-7AED-48C5-9055-69F64B833984}.Debug|Any CPU.ActiveCfg = Debug|Any CPU
		{D93798CA-7AED-48C5-9055-69F64B833984}.Debug|Any CPU.Build.0 = Debug|Any CPU
		{D93798CA-7AED-48C5-9055-69F64B833984}.Release|Any CPU.ActiveCfg = Release|Any CPU
		{D93798CA-7AED-48C5-9055-69F64B833984}.Release|Any CPU.Build.0 = Release|Any CPU
	EndGlobalSection
	GlobalSection(SolutionProperties) = preSolution
		HideSolutionNode = FALSE
	EndGlobalSection
EndGlobal
